
Microsoft Visual Studio Solution File, Format Version 12.00
# Visual Studio Version 17
VisualStudioVersion = 17.11.35208.52
MinimumVisualStudioVersion = 10.0.40219.1
Project("{FAE04EC0-301F-11D3-BF4B-00C04F79EFBC}") = "ConvertToPdf.API", "ConvertToPdf.API\ConvertToPdf.API.csproj", "{68862029-2C34-4B41-A67C-A2F65F2BF975}"
EndProject
Global
	GlobalSection(SolutionConfigurationPlatforms) = preSolution
		Debug|Any CPU = Debug|Any CPU
		Release|Any CPU = Release|Any CPU
	EndGlobalSection
	GlobalSection(ProjectConfigurationPlatforms) = postSolution
		{68862029-2C34-4B41-A67C-A2F65F2BF975}.Debug|Any CPU.ActiveCfg = Debug|Any CPU
		{68862029-2C34-4B41-A67C-A2F65F2BF975}.Debug|Any CPU.Build.0 = Debug|Any CPU
		{68862029-2C34-4B41-A67C-A2F65F2BF975}.Release|Any CPU.ActiveCfg = Release|Any CPU
		{68862029-2C34-4B41-A67C-A2F65F2BF975}.Release|Any CPU.Build.0 = Release|Any CPU
	EndGlobalSection
	GlobalSection(SolutionProperties) = preSolution
		HideSolutionNode = FALSE
	EndGlobalSection
	GlobalSection(ExtensibilityGlobals) = postSolution
		SolutionGuid = {180C4F87-5655-461E-B64E-1591EAD78DE6}
	EndGlobalSection
EndGlobal
